
Microsoft Visual Studio Solution File, Format Version 12.00
# Visual Studio 15
VisualStudioVersion = 15.0.28307.329
MinimumVisualStudioVersion = 10.0.40219.1
Project("{FAE04EC0-301F-11D3-BF4B-00C04F79EFBC}") = "MinioTest", "MinioTest\MinioTest.csproj", "{AF93FB6A-8EF8-41A8-9955-770EB85EE74F}"
EndProject
Global
	GlobalSection(SolutionConfigurationPlatforms) = preSolution
		Debug|Any CPU = Debug|Any CPU
		Release|Any CPU = Release|Any CPU
	EndGlobalSection
	GlobalSection(ProjectConfigurationPlatforms) = postSolution
		{AF93FB6A-8EF8-41A8-9955-770EB85EE74F}.Debug|Any CPU.ActiveCfg = Debug|Any CPU
		{AF93FB6A-8EF8-41A8-9955-770EB85EE74F}.Debug|Any CPU.Build.0 = Debug|Any CPU
		{AF93FB6A-8EF8-41A8-9955-770EB85EE74F}.Release|Any CPU.ActiveCfg = Release|Any CPU
		{AF93FB6A-8EF8-41A8-9955-770EB85EE74F}.Release|Any CPU.Build.0 = Release|Any CPU
	EndGlobalSection
	GlobalSection(SolutionProperties) = preSolution
		HideSolutionNode = FALSE
	EndGlobalSection
	GlobalSection(ExtensibilityGlobals) = postSolution
		SolutionGuid = {431387B5-2324-45EF-B9AC-D51164E3B866}
	EndGlobalSection
EndGlobal
